
Microsoft Visual Studio Solution File, Format Version 12.00
# Visual Studio Version 17
VisualStudioVersion = 17.1.32328.378
MinimumVisualStudioVersion = 10.0.40219.1
Project("{FAE04EC0-301F-11D3-BF4B-00C04F79EFBC}") = "ThirdLecture", "ThirdLecture\ThirdLecture.csproj", "{3F931561-2F91-4747-A1A0-D2704935E705}"
EndProject
Global
	GlobalSection(SolutionConfigurationPlatforms) = preSolution
		Debug|Any CPU = Debug|Any CPU
		Release|Any CPU = Release|Any CPU
	EndGlobalSection
	GlobalSection(ProjectConfigurationPlatforms) = postSolution
		{3F931561-2F91-4747-A1A0-D2704935E705}.Debug|Any CPU.ActiveCfg = Debug|Any CPU
		{3F931561-2F91-4747-A1A0-D2704935E705}.Debug|Any CPU.Build.0 = Debug|Any CPU
		{3F931561-2F91-4747-A1A0-D2704935E705}.Release|Any CPU.ActiveCfg = Release|Any CPU
		{3F931561-2F91-4747-A1A0-D2704935E705}.Release|Any CPU.Build.0 = Release|Any CPU
	EndGlobalSection
	GlobalSection(SolutionProperties) = preSolution
		HideSolutionNode = FALSE
	EndGlobalSection
	GlobalSection(ExtensibilityGlobals) = postSolution
		SolutionGuid = {18D2E5AB-8506-4692-BBA8-03D4627CFDB6}
	EndGlobalSection
EndGlobal
